
Microsoft Visual Studio Solution File, Format Version 12.00
# Visual Studio Version 17
VisualStudioVersion = 17.4.33213.308
MinimumVisualStudioVersion = 10.0.40219.1
Project("{FAE04EC0-301F-11D3-BF4B-00C04F79EFBC}") = "DAL", "DAL\DAL.csproj", "{1239ABE0-FD0E-4C0D-AF30-05F3180E17A4}"
EndProject
Project("{FAE04EC0-301F-11D3-BF4B-00C04F79EFBC}") = "ApiLayer", "ApiLayer\ApiLayer.csproj", "{B4BB6122-9657-43B7-99B7-69B911AA1780}"
EndProject
Project("{FAE04EC0-301F-11D3-BF4B-00C04F79EFBC}") = "BLL", "BLL\BLL.csproj", "{1A08BDDF-EC42-4809-A981-BA2AF9EC3BAA}"
EndProject
Global
	GlobalSection(SolutionConfigurationPlatforms) = preSolution
		Debug|Any CPU = Debug|Any CPU
		Release|Any CPU = Release|Any CPU
	EndGlobalSection
	GlobalSection(ProjectConfigurationPlatforms) = postSolution
		{1239ABE0-FD0E-4C0D-AF30-05F3180E17A4}.Debug|Any CPU.ActiveCfg = Debug|Any CPU
		{1239ABE0-FD0E-4C0D-AF30-05F3180E17A4}.Debug|Any CPU.Build.0 = Debug|Any CPU
		{1239ABE0-FD0E-4C0D-AF30-05F3180E17A4}.Release|Any CPU.ActiveCfg = Release|Any CPU
		{1239ABE0-FD0E-4C0D-AF30-05F3180E17A4}.Release|Any CPU.Build.0 = Release|Any CPU
		{B4BB6122-9657-43B7-99B7-69B911AA1780}.Debug|Any CPU.ActiveCfg = Debug|Any CPU
		{B4BB6122-9657-43B7-99B7-69B911AA1780}.Debug|Any CPU.Build.0 = Debug|Any CPU
		{B4BB6122-9657-43B7-99B7-69B911AA1780}.Release|Any CPU.ActiveCfg = Release|Any CPU
		{B4BB6122-9657-43B7-99B7-69B911AA1780}.Release|Any CPU.Build.0 = Release|Any CPU
		{1A08BDDF-EC42-4809-A981-BA2AF9EC3BAA}.Debug|Any CPU.ActiveCfg = Debug|Any CPU
		{1A08BDDF-EC42-4809-A981-BA2AF9EC3BAA}.Debug|Any CPU.Build.0 = Debug|Any CPU
		{1A08BDDF-EC42-4809-A981-BA2AF9EC3BAA}.Release|Any CPU.ActiveCfg = Release|Any CPU
		{1A08BDDF-EC42-4809-A981-BA2AF9EC3BAA}.Release|Any CPU.Build.0 = Release|Any CPU
	EndGlobalSection
	GlobalSection(SolutionProperties) = preSolution
		HideSolutionNode = FALSE
	EndGlobalSection
	GlobalSection(ExtensibilityGlobals) = postSolution
		SolutionGuid = {041825F7-7AAE-414C-9301-FDC383DD7EDC}
	EndGlobalSection
EndGlobal
